<?xml version="1.0" encoding="utf-8"?>
<Project ToolsVersion="4.0" xmlns="http://schemas.microsoft.com/developer/msbuild/2003">
  <ItemGroup>
    <Filter Include="Source Files">
      <UniqueIdentifier>{4FC737F1-C7A5-4376-A066-2A32D752A2FF}</UniqueIdentifier>
      <Extensions>cpp;c;cc;cxx;def;odl;idl;hpj;bat;asm;asmx</Extensions>
    </Filter>
    <Filter Include="Header Files">
      <UniqueIdentifier>{93995380-89BD-4b04-88EB-625FBE52EBFB}</UniqueIdentifier>
      <Extensions>h;hpp;hxx;hm;inl;inc;xsd</Extensions>
    </Filter>
    <Filter Include="Resource Files">
      <UniqueIdentifier>{67DA6AB6-F800-4c08-8B7A-83BB121AAD01}</UniqueIdentifier>
      <Extensions>rc;ico;cur;bmp;dlg;rc2;rct;bin;rgs;gif;jpg;jpeg;jpe;resx;tiff;tif;png;wav;mfcribbon-ms</Extensions>
    </Filter>
  </ItemGroup>
  <ItemGroup>
    <Text Include="ReadMe.txt" />
  </ItemGroup>
  <ItemGroup>
    <ClCompile Include="..\..\ext-library\iup-3.30\iup.c">
      <Filter>Source Files</Filter>
    </ClCompile>
    <ClCompile Include="..\..\ext-library\iup-3.30\iup_animatedlabel.c">
      <Filter>Source Files</Filter>
    </ClCompile>
    <ClCompile Include="..\..\ext-library\iup-3.30\iup_array.c">
      <Filter>Source Files</Filter>
    </ClCompile>
    <ClCompile Include="..\..\ext-library\iup-3.30\iup_assert.c">
      <Filter>Source Files</Filter>
    </ClCompile>
    <ClCompile Include="..\..\ext-library\iup-3.30\iup_attrib.c">
      <Filter>Source Files</Filter>
    </ClCompile>
    <ClCompile Include="..\..\ext-library\iup-3.30\iup_backgroundbox.c">
      <Filter>Source Files</Filter>
    </ClCompile>
    <ClCompile Include="..\..\ext-library\iup-3.30\iup_box.c">
      <Filter>Source Files</Filter>
    </ClCompile>
    <ClCompile Include="..\..\ext-library\iup-3.30\iup_button.c">
      <Filter>Source Files</Filter>
    </ClCompile>
    <ClCompile Include="..\..\ext-library\iup-3.30\iup_callback.c">
      <Filter>Source Files</Filter>
    </ClCompile>
    <ClCompile Include="..\..\ext-library\iup-3.30\iup_canvas.c">
      <Filter>Source Files</Filter>
    </ClCompile>
    <ClCompile Include="..\..\ext-library\iup-3.30\iup_cbox.c">
      <Filter>Source Files</Filter>
    </ClCompile>
    <ClCompile Include="..\..\ext-library\iup-3.30\iup_childtree.c">
      <Filter>Source Files</Filter>
    </ClCompile>
    <ClCompile Include="..\..\ext-library\iup-3.30\iup_class.c">
      <Filter>Source Files</Filter>
    </ClCompile>
    <ClCompile Include="..\..\ext-library\iup-3.30\iup_classattrib.c">
      <Filter>Source Files</Filter>
    </ClCompile>
    <ClCompile Include="..\..\ext-library\iup-3.30\iup_classbase.c">
      <Filter>Source Files</Filter>
    </ClCompile>
    <ClCompile Include="..\..\ext-library\iup-3.30\iup_classinfo.c">
      <Filter>Source Files</Filter>
    </ClCompile>
    <ClCompile Include="..\..\ext-library\iup-3.30\iup_colorbar.c">
      <Filter>Source Files</Filter>
    </ClCompile>
    <ClCompile Include="..\..\ext-library\iup-3.30\iup_colorbrowser.c">
      <Filter>Source Files</Filter>
    </ClCompile>
    <ClCompile Include="..\..\ext-library\iup-3.30\iup_colordlg.c">
      <Filter>Source Files</Filter>
    </ClCompile>
    <ClCompile Include="..\..\ext-library\iup-3.30\iup_colorhsi.c">
      <Filter>Source Files</Filter>
    </ClCompile>
    <ClCompile Include="..\..\ext-library\iup-3.30\iup_config.c">
      <Filter>Source Files</Filter>
    </ClCompile>
    <ClCompile Include="..\..\ext-library\iup-3.30\iup_detachbox.c">
      <Filter>Source Files</Filter>
    </ClCompile>
    <ClCompile Include="..\..\ext-library\iup-3.30\iup_dial.c">
      <Filter>Source Files</Filter>
    </ClCompile>
    <ClCompile Include="..\..\ext-library\iup-3.30\iup_dialog.c">
      <Filter>Source Files</Filter>
    </ClCompile>
    <ClCompile Include="..\..\ext-library\iup-3.30\iup_dlglist.c">
      <Filter>Source Files</Filter>
    </ClCompile>
    <ClCompile Include="..\..\ext-library\iup-3.30\iup_draw.c">
      <Filter>Source Files</Filter>
    </ClCompile>
    <ClCompile Include="..\..\ext-library\iup-3.30\iup_dropbutton.c">
      <Filter>Source Files</Filter>
    </ClCompile>
    <ClCompile Include="..\..\ext-library\iup-3.30\iup_elempropdlg.c">
      <Filter>Source Files</Filter>
    </ClCompile>
    <ClCompile Include="..\..\ext-library\iup-3.30\iup_expander.c">
      <Filter>Source Files</Filter>
    </ClCompile>
    <ClCompile Include="..\..\ext-library\iup-3.30\iup_export.c">
      <Filter>Source Files</Filter>
    </ClCompile>
    <ClCompile Include="..\..\ext-library\iup-3.30\iup_filedlg.c">
      <Filter>Source Files</Filter>
    </ClCompile>
    <ClCompile Include="..\..\ext-library\iup-3.30\iup_fill.c">
      <Filter>Source Files</Filter>
    </ClCompile>
    <ClCompile Include="..\..\ext-library\iup-3.30\iup_flatbutton.c">
      <Filter>Source Files</Filter>
    </ClCompile>
    <ClCompile Include="..\..\ext-library\iup-3.30\iup_flatframe.c">
      <Filter>Source Files</Filter>
    </ClCompile>
    <ClCompile Include="..\..\ext-library\iup-3.30\iup_flatlabel.c">
      <Filter>Source Files</Filter>
    </ClCompile>
    <ClCompile Include="..\..\ext-library\iup-3.30\iup_flatlist.c">
      <Filter>Source Files</Filter>
    </ClCompile>
    <ClCompile Include="..\..\ext-library\iup-3.30\iup_flatscrollbar.c">
      <Filter>Source Files</Filter>
    </ClCompile>
    <ClCompile Include="..\..\ext-library\iup-3.30\iup_flatscrollbox.c">
      <Filter>Source Files</Filter>
    </ClCompile>
    <ClCompile Include="..\..\ext-library\iup-3.30\iup_flatseparator.c">
      <Filter>Source Files</Filter>
    </ClCompile>
    <ClCompile Include="..\..\ext-library\iup-3.30\iup_flattabs.c">
      <Filter>Source Files</Filter>
    </ClCompile>
    <ClCompile Include="..\..\ext-library\iup-3.30\iup_flattoggle.c">
      <Filter>Source Files</Filter>
    </ClCompile>
    <ClCompile Include="..\..\ext-library\iup-3.30\iup_flattree.c">
      <Filter>Source Files</Filter>
    </ClCompile>
    <ClCompile Include="..\..\ext-library\iup-3.30\iup_flatval.c">
      <Filter>Source Files</Filter>
    </ClCompile>
    <ClCompile Include="..\..\ext-library\iup-3.30\iup_focus.c">
      <Filter>Source Files</Filter>
    </ClCompile>
    <ClCompile Include="..\..\ext-library\iup-3.30\iup_font.c">
      <Filter>Source Files</Filter>
    </ClCompile>
    <ClCompile Include="..\..\ext-library\iup-3.30\iup_fontdlg.c">
      <Filter>Source Files</Filter>
    </ClCompile>
    <ClCompile Include="..\..\ext-library\iup-3.30\iup_frame.c">
      <Filter>Source Files</Filter>
    </ClCompile>
    <ClCompile Include="..\..\ext-library\iup-3.30\iup_func.c">
      <Filter>Source Files</Filter>
    </ClCompile>
    <ClCompile Include="..\..\ext-library\iup-3.30\iup_gauge.c">
      <Filter>Source Files</Filter>
    </ClCompile>
    <ClCompile Include="..\..\ext-library\iup-3.30\iup_getparam.c">
      <Filter>Source Files</Filter>
    </ClCompile>
    <ClCompile Include="..\..\ext-library\iup-3.30\iup_globalattrib.c">
      <Filter>Source Files</Filter>
    </ClCompile>
    <ClCompile Include="..\..\ext-library\iup-3.30\iup_globalsdlg.c">
      <Filter>Source Files</Filter>
    </ClCompile>
    <ClCompile Include="..\..\ext-library\iup-3.30\iup_gridbox.c">
      <Filter>Source Files</Filter>
    </ClCompile>
    <ClCompile Include="..\..\ext-library\iup-3.30\iup_hbox.c">
      <Filter>Source Files</Filter>
    </ClCompile>
    <ClCompile Include="..\..\ext-library\iup-3.30\iup_image.c">
      <Filter>Source Files</Filter>
    </ClCompile>
    <ClCompile Include="..\..\ext-library\iup-3.30\iup_key.c">
      <Filter>Source Files</Filter>
    </ClCompile>
    <ClCompile Include="..\..\ext-library\iup-3.30\iup_label.c">
      <Filter>Source Files</Filter>
    </ClCompile>
    <ClCompile Include="..\..\ext-library\iup-3.30\iup_layout.c">
      <Filter>Source Files</Filter>
    </ClCompile>
    <ClCompile Include="..\..\ext-library\iup-3.30\iup_layoutdlg.c">
      <Filter>Source Files</Filter>
    </ClCompile>
    <ClCompile Include="..\..\ext-library\iup-3.30\iup_ledlex.c">
      <Filter>Source Files</Filter>
    </ClCompile>
    <ClCompile Include="..\..\ext-library\iup-3.30\iup_ledparse.c">
      <Filter>Source Files</Filter>
    </ClCompile>
    <ClCompile Include="..\..\ext-library\iup-3.30\iup_linefile.c">
      <Filter>Source Files</Filter>
    </ClCompile>
    <ClCompile Include="..\..\ext-library\iup-3.30\iup_link.c">
      <Filter>Source Files</Filter>
    </ClCompile>
    <ClCompile Include="..\..\ext-library\iup-3.30\iup_list.c">
      <Filter>Source Files</Filter>
    </ClCompile>
    <ClCompile Include="..\..\ext-library\iup-3.30\iup_loop.c">
      <Filter>Source Files</Filter>
    </ClCompile>
    <ClCompile Include="..\..\ext-library\iup-3.30\iup_mask.c">
      <Filter>Source Files</Filter>
    </ClCompile>
    <ClCompile Include="..\..\ext-library\iup-3.30\iup_maskmatch.c">
      <Filter>Source Files</Filter>
    </ClCompile>
    <ClCompile Include="..\..\ext-library\iup-3.30\iup_maskparse.c">
      <Filter>Source Files</Filter>
    </ClCompile>
    <ClCompile Include="..\..\ext-library\iup-3.30\iup_menu.c">
      <Filter>Source Files</Filter>
    </ClCompile>
    <ClCompile Include="..\..\ext-library\iup-3.30\iup_messagedlg.c">
      <Filter>Source Files</Filter>
    </ClCompile>
    <ClCompile Include="..\..\ext-library\iup-3.30\iup_multibox.c">
      <Filter>Source Files</Filter>
    </ClCompile>
    <ClCompile Include="..\..\ext-library\iup-3.30\iup_names.c">
      <Filter>Source Files</Filter>
    </ClCompile>
    <ClCompile Include="..\..\ext-library\iup-3.30\iup_normalizer.c">
      <Filter>Source Files</Filter>
    </ClCompile>
    <ClCompile Include="..\..\ext-library\iup-3.30\iup_object.c">
      <Filter>Source Files</Filter>
    </ClCompile>
    <ClCompile Include="..\..\ext-library\iup-3.30\iup_open.c">
      <Filter>Source Files</Filter>
    </ClCompile>
    <ClCompile Include="..\..\ext-library\iup-3.30\iup_predialogs.c">
      <Filter>Source Files</Filter>
    </ClCompile>
    <ClCompile Include="..\..\ext-library\iup-3.30\iup_progressbar.c">
      <Filter>Source Files</Filter>
    </ClCompile>
    <ClCompile Include="..\..\ext-library\iup-3.30\iup_progressdlg.c">
      <Filter>Source Files</Filter>
    </ClCompile>
    <ClCompile Include="..\..\ext-library\iup-3.30\iup_radio.c">
      <Filter>Source Files</Filter>
    </ClCompile>
    <ClCompile Include="..\..\ext-library\iup-3.30\iup_recplay.c">
      <Filter>Source Files</Filter>
    </ClCompile>
    <ClCompile Include="..\..\ext-library\iup-3.30\iup_register.c">
      <Filter>Source Files</Filter>
    </ClCompile>
    <ClCompile Include="..\..\ext-library\iup-3.30\iup_sbox.c">
      <Filter>Source Files</Filter>
    </ClCompile>
    <ClCompile Include="..\..\ext-library\iup-3.30\iup_scanf.c">
      <Filter>Source Files</Filter>
    </ClCompile>
    <ClCompile Include="..\..\ext-library\iup-3.30\iup_scrollbox.c">
      <Filter>Source Files</Filter>
    </ClCompile>
    <ClCompile Include="..\..\ext-library\iup-3.30\iup_show.c">
      <Filter>Source Files</Filter>
    </ClCompile>
    <ClCompile Include="..\..\ext-library\iup-3.30\iup_space.c">
      <Filter>Source Files</Filter>
    </ClCompile>
    <ClCompile Include="..\..\ext-library\iup-3.30\iup_spin.c">
      <Filter>Source Files</Filter>
    </ClCompile>
    <ClCompile Include="..\..\ext-library\iup-3.30\iup_split.c">
      <Filter>Source Files</Filter>
    </ClCompile>
    <ClCompile Include="..\..\ext-library\iup-3.30\iup_str.c">
      <Filter>Source Files</Filter>
    </ClCompile>
    <ClCompile Include="..\..\ext-library\iup-3.30\iup_strmessage.c">
      <Filter>Source Files</Filter>
    </ClCompile>
    <ClCompile Include="..\..\ext-library\iup-3.30\iup_table.c">
      <Filter>Source Files</Filter>
    </ClCompile>
    <ClCompile Include="..\..\ext-library\iup-3.30\iup_tabs.c">
      <Filter>Source Files</Filter>
    </ClCompile>
    <ClCompile Include="..\..\ext-library\iup-3.30\iup_text.c">
      <Filter>Source Files</Filter>
    </ClCompile>
    <ClCompile Include="..\..\ext-library\iup-3.30\iup_thread.c">
      <Filter>Source Files</Filter>
    </ClCompile>
    <ClCompile Include="..\..\ext-library\iup-3.30\iup_timer.c">
      <Filter>Source Files</Filter>
    </ClCompile>
    <ClCompile Include="..\..\ext-library\iup-3.30\iup_toggle.c">
      <Filter>Source Files</Filter>
    </ClCompile>
    <ClCompile Include="..\..\ext-library\iup-3.30\iup_tree.c">
      <Filter>Source Files</Filter>
    </ClCompile>
    <ClCompile Include="..\..\ext-library\iup-3.30\iup_user.c">
      <Filter>Source Files</Filter>
    </ClCompile>
    <ClCompile Include="..\..\ext-library\iup-3.30\iup_val.c">
      <Filter>Source Files</Filter>
    </ClCompile>
    <ClCompile Include="..\..\ext-library\iup-3.30\iup_vbox.c">
      <Filter>Source Files</Filter>
    </ClCompile>
    <ClCompile Include="..\..\ext-library\iup-3.30\iup_zbox.c">
      <Filter>Source Files</Filter>
    </ClCompile>
    <ClCompile Include="..\..\ext-library\iup-3.30\iupwindows_info.c">
      <Filter>Source Files</Filter>
    </ClCompile>
    <ClCompile Include="..\..\ext-library\iup-3.30\iupwindows_main.c">
      <Filter>Source Files</Filter>
    </ClCompile>
    <ClCompile Include="..\..\ext-library\iup-3.30\backend-gdix.c">
      <Filter>Source Files</Filter>
    </ClCompile>
    <ClCompile Include="..\..\ext-library\iup-3.30\bitblt.c">
      <Filter>Source Files</Filter>
    </ClCompile>
    <ClCompile Include="..\..\ext-library\iup-3.30\brush.c">
      <Filter>Source Files</Filter>
    </ClCompile>
    <ClCompile Include="..\..\ext-library\iup-3.30\canvas.c">
      <Filter>Source Files</Filter>
    </ClCompile>
    <ClCompile Include="..\..\ext-library\iup-3.30\draw.c">
      <Filter>Source Files</Filter>
    </ClCompile>
    <ClCompile Include="..\..\ext-library\iup-3.30\fill.c">
      <Filter>Source Files</Filter>
    </ClCompile>
    <ClCompile Include="..\..\ext-library\iup-3.30\font.c">
      <Filter>Source Files</Filter>
    </ClCompile>
    <ClCompile Include="..\..\ext-library\iup-3.30\image.c">
      <Filter>Source Files</Filter>
    </ClCompile>
    <ClCompile Include="..\..\ext-library\iup-3.30\init.c">
      <Filter>Source Files</Filter>
    </ClCompile>
    <ClCompile Include="..\..\ext-library\iup-3.30\iupwin_brush.c">
      <Filter>Source Files</Filter>
    </ClCompile>
    <ClCompile Include="..\..\ext-library\iup-3.30\iupwin_button.c">
      <Filter>Source Files</Filter>
    </ClCompile>
    <ClCompile Include="..\..\ext-library\iup-3.30\iupwin_calendar.c">
      <Filter>Source Files</Filter>
    </ClCompile>
    <ClCompile Include="..\..\ext-library\iup-3.30\iupwin_canvas.c">
      <Filter>Source Files</Filter>
    </ClCompile>
    <ClCompile Include="..\..\ext-library\iup-3.30\iupwin_clipboard.c">
      <Filter>Source Files</Filter>
    </ClCompile>
    <ClCompile Include="..\..\ext-library\iup-3.30\iupwin_common.c">
      <Filter>Source Files</Filter>
    </ClCompile>
    <ClCompile Include="..\..\ext-library\iup-3.30\iupwin_datepick.c">
      <Filter>Source Files</Filter>
    </ClCompile>
    <ClCompile Include="..\..\ext-library\iup-3.30\iupwin_dialog.c">
      <Filter>Source Files</Filter>
    </ClCompile>
    <ClCompile Include="..\..\ext-library\iup-3.30\iupwin_dragdrop.c">
      <Filter>Source Files</Filter>
    </ClCompile>
    <ClCompile Include="..\..\ext-library\iup-3.30\iupwin_draw.c">
      <Filter>Source Files</Filter>
    </ClCompile>
    <ClCompile Include="..\..\ext-library\iup-3.30\iupwin_draw_gdi.c">
      <Filter>Source Files</Filter>
    </ClCompile>
    <ClCompile Include="..\..\ext-library\iup-3.30\iupwin_draw_wdl.c">
      <Filter>Source Files</Filter>
    </ClCompile>
    <ClCompile Include="..\..\ext-library\iup-3.30\iupwin_filedlg.c">
      <Filter>Source Files</Filter>
    </ClCompile>
    <ClCompile Include="..\..\ext-library\iup-3.30\iupwin_focus.c">
      <Filter>Source Files</Filter>
    </ClCompile>
    <ClCompile Include="..\..\ext-library\iup-3.30\iupwin_font.c">
      <Filter>Source Files</Filter>
    </ClCompile>
    <ClCompile Include="..\..\ext-library\iup-3.30\iupwin_fontdlg.c">
      <Filter>Source Files</Filter>
    </ClCompile>
    <ClCompile Include="..\..\ext-library\iup-3.30\iupwin_frame.c">
      <Filter>Source Files</Filter>
    </ClCompile>
    <ClCompile Include="..\..\ext-library\iup-3.30\iupwin_globalattrib.c">
      <Filter>Source Files</Filter>
    </ClCompile>
    <ClCompile Include="..\..\ext-library\iup-3.30\iupwin_handle.c">
      <Filter>Source Files</Filter>
    </ClCompile>
    <ClCompile Include="..\..\ext-library\iup-3.30\iupwin_image.c">
      <Filter>Source Files</Filter>
    </ClCompile>
    <ClCompile Include="..\..\ext-library\iup-3.30\iupwin_image_wdl.c">
      <Filter>Source Files</Filter>
    </ClCompile>
    <ClCompile Include="..\..\ext-library\iup-3.30\iupwin_info.c">
      <Filter>Source Files</Filter>
    </ClCompile>
    <ClCompile Include="..\..\ext-library\iup-3.30\iupwin_key.c">
      <Filter>Source Files</Filter>
    </ClCompile>
    <ClCompile Include="..\..\ext-library\iup-3.30\iupwin_label.c">
      <Filter>Source Files</Filter>
    </ClCompile>
    <ClCompile Include="..\..\ext-library\iup-3.30\iupwin_list.c">
      <Filter>Source Files</Filter>
    </ClCompile>
    <ClCompile Include="..\..\ext-library\iup-3.30\iupwin_loop.c">
      <Filter>Source Files</Filter>
    </ClCompile>
    <ClCompile Include="..\..\ext-library\iup-3.30\iupwin_menu.c">
      <Filter>Source Files</Filter>
    </ClCompile>
    <ClCompile Include="..\..\ext-library\iup-3.30\iupwin_messagedlg.c">
      <Filter>Source Files</Filter>
    </ClCompile>
    <ClCompile Include="..\..\ext-library\iup-3.30\iupwin_open.c">
      <Filter>Source Files</Filter>
    </ClCompile>
    <ClCompile Include="..\..\ext-library\iup-3.30\iupwin_progressbar.c">
      <Filter>Source Files</Filter>
    </ClCompile>
    <ClCompile Include="..\..\ext-library\iup-3.30\iupwin_str.c">
      <Filter>Source Files</Filter>
    </ClCompile>
    <ClCompile Include="..\..\ext-library\iup-3.30\iupwin_tabs.c">
      <Filter>Source Files</Filter>
    </ClCompile>
    <ClCompile Include="..\..\ext-library\iup-3.30\iupwin_text.c">
      <Filter>Source Files</Filter>
    </ClCompile>
    <ClCompile Include="..\..\ext-library\iup-3.30\iupwin_timer.c">
      <Filter>Source Files</Filter>
    </ClCompile>
    <ClCompile Include="..\..\ext-library\iup-3.30\iupwin_tips.c">
      <Filter>Source Files</Filter>
    </ClCompile>
    <ClCompile Include="..\..\ext-library\iup-3.30\iupwin_toggle.c">
      <Filter>Source Files</Filter>
    </ClCompile>
    <ClCompile Include="..\..\ext-library\iup-3.30\iupwin_touch.c">
      <Filter>Source Files</Filter>
    </ClCompile>
    <ClCompile Include="..\..\ext-library\iup-3.30\iupwin_tree.c">
      <Filter>Source Files</Filter>
    </ClCompile>
    <ClCompile Include="..\..\ext-library\iup-3.30\iupwin_val.c">
      <Filter>Source Files</Filter>
    </ClCompile>
    <ClCompile Include="..\..\ext-library\iup-3.30\iupwindows_help.c">
      <Filter>Source Files</Filter>
    </ClCompile>
    <ClCompile Include="..\..\ext-library\iup-3.30\memstream.c">
      <Filter>Source Files</Filter>
    </ClCompile>
    <ClCompile Include="..\..\ext-library\iup-3.30\misc.c">
      <Filter>Source Files</Filter>
    </ClCompile>
    <ClCompile Include="..\..\ext-library\iup-3.30\path.c">
      <Filter>Source Files</Filter>
    </ClCompile>
    <ClCompile Include="..\..\ext-library\iup-3.30\string.c">
      <Filter>Source Files</Filter>
    </ClCompile>
    <ClCompile Include="..\..\ext-library\iup-3.30\strokestyle.c">
      <Filter>Source Files</Filter>
    </ClCompile>
  </ItemGroup>
  <ItemGroup>
    <ClInclude Include="..\..\ext-library\iup-3.30\iup.h">
      <Filter>Header Files</Filter>
    </ClInclude>
    <ClInclude Include="..\..\ext-library\iup-3.30\iup_array.h">
      <Filter>Header Files</Filter>
    </ClInclude>
    <ClInclude Include="..\..\ext-library\iup-3.30\iup_assert.h">
      <Filter>Header Files</Filter>
    </ClInclude>
    <ClInclude Include="..\..\ext-library\iup-3.30\iup_attrib.h">
      <Filter>Header Files</Filter>
    </ClInclude>
    <ClInclude Include="..\..\ext-library\iup-3.30\iup_box.h">
      <Filter>Header Files</Filter>
    </ClInclude>
    <ClInclude Include="..\..\ext-library\iup-3.30\iup_button.h">
      <Filter>Header Files</Filter>
    </ClInclude>
    <ClInclude Include="..\..\ext-library\iup-3.30\iup_canvas.h">
      <Filter>Header Files</Filter>
    </ClInclude>
    <ClInclude Include="..\..\ext-library\iup-3.30\iup_childtree.h">
      <Filter>Header Files</Filter>
    </ClInclude>
    <ClInclude Include="..\..\ext-library\iup-3.30\iup_class.h">
      <Filter>Header Files</Filter>
    </ClInclude>
    <ClInclude Include="..\..\ext-library\iup-3.30\iup_class_cbs.hpp">
      <Filter>Header Files</Filter>
    </ClInclude>
    <ClInclude Include="..\..\ext-library\iup-3.30\iup_classbase.h">
      <Filter>Header Files</Filter>
    </ClInclude>
    <ClInclude Include="..\..\ext-library\iup-3.30\iup_colorhsi.h">
      <Filter>Header Files</Filter>
    </ClInclude>
    <ClInclude Include="..\..\ext-library\iup-3.30\iup_config.h">
      <Filter>Header Files</Filter>
    </ClInclude>
    <ClInclude Include="..\..\ext-library\iup-3.30\iup_dialog.h">
      <Filter>Header Files</Filter>
    </ClInclude>
    <ClInclude Include="..\..\ext-library\iup-3.30\iup_dlglist.h">
      <Filter>Header Files</Filter>
    </ClInclude>
    <ClInclude Include="..\..\ext-library\iup-3.30\iup_draw.h">
      <Filter>Header Files</Filter>
    </ClInclude>
    <ClInclude Include="..\..\ext-library\iup-3.30\iup_drv.h">
      <Filter>Header Files</Filter>
    </ClInclude>
    <ClInclude Include="..\..\ext-library\iup-3.30\iup_drvdraw.h">
      <Filter>Header Files</Filter>
    </ClInclude>
    <ClInclude Include="..\..\ext-library\iup-3.30\iup_drvfont.h">
      <Filter>Header Files</Filter>
    </ClInclude>
    <ClInclude Include="..\..\ext-library\iup-3.30\iup_drvinfo.h">
      <Filter>Header Files</Filter>
    </ClInclude>
    <ClInclude Include="..\..\ext-library\iup-3.30\iup_export.h">
      <Filter>Header Files</Filter>
    </ClInclude>
    <ClInclude Include="..\..\ext-library\iup-3.30\iup_flatscrollbar.h">
      <Filter>Header Files</Filter>
    </ClInclude>
    <ClInclude Include="..\..\ext-library\iup-3.30\iup_flattree.h">
      <Filter>Header Files</Filter>
    </ClInclude>
    <ClInclude Include="..\..\ext-library\iup-3.30\iup_focus.h">
      <Filter>Header Files</Filter>
    </ClInclude>
    <ClInclude Include="..\..\ext-library\iup-3.30\iup_frame.h">
      <Filter>Header Files</Filter>
    </ClInclude>
    <ClInclude Include="..\..\ext-library\iup-3.30\iup_func.h">
      <Filter>Header Files</Filter>
    </ClInclude>
    <ClInclude Include="..\..\ext-library\iup-3.30\iup_globalattrib.h">
      <Filter>Header Files</Filter>
    </ClInclude>
    <ClInclude Include="..\..\ext-library\iup-3.30\iup_image.h">
      <Filter>Header Files</Filter>
    </ClInclude>
    <ClInclude Include="..\..\ext-library\iup-3.30\iup_key.h">
      <Filter>Header Files</Filter>
    </ClInclude>
    <ClInclude Include="..\..\ext-library\iup-3.30\iup_label.h">
      <Filter>Header Files</Filter>
    </ClInclude>
    <ClInclude Include="..\..\ext-library\iup-3.30\iup_layout.h">
      <Filter>Header Files</Filter>
    </ClInclude>
    <ClInclude Include="..\..\ext-library\iup-3.30\iup_ledlex.h">
      <Filter>Header Files</Filter>
    </ClInclude>
    <ClInclude Include="..\..\ext-library\iup-3.30\iup_linefile.h">
      <Filter>Header Files</Filter>
    </ClInclude>
    <ClInclude Include="..\..\ext-library\iup-3.30\iup_list.h">
      <Filter>Header Files</Filter>
    </ClInclude>
    <ClInclude Include="..\..\ext-library\iup-3.30\iup_loop.h">
      <Filter>Header Files</Filter>
    </ClInclude>
    <ClInclude Include="..\..\ext-library\iup-3.30\iup_mask.h">
      <Filter>Header Files</Filter>
    </ClInclude>
    <ClInclude Include="..\..\ext-library\iup-3.30\iup_maskmatch.h">
      <Filter>Header Files</Filter>
    </ClInclude>
    <ClInclude Include="..\..\ext-library\iup-3.30\iup_maskparse.h">
      <Filter>Header Files</Filter>
    </ClInclude>
    <ClInclude Include="..\..\ext-library\iup-3.30\iup_menu.h">
      <Filter>Header Files</Filter>
    </ClInclude>
    <ClInclude Include="..\..\ext-library\iup-3.30\iup_names.h">
      <Filter>Header Files</Filter>
    </ClInclude>
    <ClInclude Include="..\..\ext-library\iup-3.30\iup_normalizer.h">
      <Filter>Header Files</Filter>
    </ClInclude>
    <ClInclude Include="..\..\ext-library\iup-3.30\iup_object.h">
      <Filter>Header Files</Filter>
    </ClInclude>
    <ClInclude Include="..\..\ext-library\iup-3.30\iup_plus.h">
      <Filter>Header Files</Filter>
    </ClInclude>
    <ClInclude Include="..\..\ext-library\iup-3.30\iup_predialogs.h">
      <Filter>Header Files</Filter>
    </ClInclude>
    <ClInclude Include="..\..\ext-library\iup-3.30\iup_progressbar.h">
      <Filter>Header Files</Filter>
    </ClInclude>
    <ClInclude Include="..\..\ext-library\iup-3.30\iup_register.h">
      <Filter>Header Files</Filter>
    </ClInclude>
    <ClInclude Include="..\..\ext-library\iup-3.30\iup_stdcontrols.h">
      <Filter>Header Files</Filter>
    </ClInclude>
    <ClInclude Include="..\..\ext-library\iup-3.30\iup_str.h">
      <Filter>Header Files</Filter>
    </ClInclude>
    <ClInclude Include="..\..\ext-library\iup-3.30\iup_strmessage.h">
      <Filter>Header Files</Filter>
    </ClInclude>
    <ClInclude Include="..\..\ext-library\iup-3.30\iup_table.h">
      <Filter>Header Files</Filter>
    </ClInclude>
    <ClInclude Include="..\..\ext-library\iup-3.30\iup_tabs.h">
      <Filter>Header Files</Filter>
    </ClInclude>
    <ClInclude Include="..\..\ext-library\iup-3.30\iup_text.h">
      <Filter>Header Files</Filter>
    </ClInclude>
    <ClInclude Include="..\..\ext-library\iup-3.30\iup_timer.h">
      <Filter>Header Files</Filter>
    </ClInclude>
    <ClInclude Include="..\..\ext-library\iup-3.30\iup_toggle.h">
      <Filter>Header Files</Filter>
    </ClInclude>
    <ClInclude Include="..\..\ext-library\iup-3.30\iup_tree.h">
      <Filter>Header Files</Filter>
    </ClInclude>
    <ClInclude Include="..\..\ext-library\iup-3.30\iup_val.h">
      <Filter>Header Files</Filter>
    </ClInclude>
    <ClInclude Include="..\..\ext-library\iup-3.30\iup_varg.h">
      <Filter>Header Files</Filter>
    </ClInclude>
    <ClInclude Include="..\..\ext-library\iup-3.30\iupcbs.h">
      <Filter>Header Files</Filter>
    </ClInclude>
    <ClInclude Include="..\..\ext-library\iup-3.30\iupdraw.h">
      <Filter>Header Files</Filter>
    </ClInclude>
    <ClInclude Include="..\..\ext-library\iup-3.30\iupkey.h">
      <Filter>Header Files</Filter>
    </ClInclude>
    <ClInclude Include="..\..\ext-library\iup-3.30\backend-gdix.h">
      <Filter>Header Files</Filter>
    </ClInclude>
    <ClInclude Include="..\..\ext-library\iup-3.30\iup_lng_english.h">
      <Filter>Header Files</Filter>
    </ClInclude>
    <ClInclude Include="..\..\ext-library\iup-3.30\iupcontrols.h">
      <Filter>Header Files</Filter>
    </ClInclude>
    <ClInclude Include="..\..\ext-library\iup-3.30\iupdef.h">
      <Filter>Header Files</Filter>
    </ClInclude>
    <ClInclude Include="..\..\ext-library\iup-3.30\iupwin_brush.h">
      <Filter>Header Files</Filter>
    </ClInclude>
    <ClInclude Include="..\..\ext-library\iup-3.30\iupwin_draw.h">
      <Filter>Header Files</Filter>
    </ClInclude>
    <ClInclude Include="..\..\ext-library\iup-3.30\iupwin_drv.h">
      <Filter>Header Files</Filter>
    </ClInclude>
    <ClInclude Include="..\..\ext-library\iup-3.30\iupwin_handle.h">
      <Filter>Header Files</Filter>
    </ClInclude>
    <ClInclude Include="..\..\ext-library\iup-3.30\iupwin_info.h">
      <Filter>Header Files</Filter>
    </ClInclude>
    <ClInclude Include="..\..\ext-library\iup-3.30\iupwin_str.h">
      <Filter>Header Files</Filter>
    </ClInclude>
    <ClInclude Include="..\..\ext-library\iup-3.30\lock.h">
      <Filter>Header Files</Filter>
    </ClInclude>
    <ClInclude Include="..\..\ext-library\iup-3.30\memstream.h">
      <Filter>Header Files</Filter>
    </ClInclude>
    <ClInclude Include="..\..\ext-library\iup-3.30\misc.h">
      <Filter>Header Files</Filter>
    </ClInclude>
    <ClInclude Include="..\..\ext-library\iup-3.30\wdl.h">
      <Filter>Header Files</Filter>
    </ClInclude>
  </ItemGroup>
</Project>