<?xml version="1.0" encoding="utf-8"?>
<Project ToolsVersion="4.0" xmlns="http://schemas.microsoft.com/developer/msbuild/2003">
  <ItemGroup>
    <Filter Include="Source Files">
      <UniqueIdentifier>{4FC737F1-C7A5-4376-A066-2A32D752A2FF}</UniqueIdentifier>
      <Extensions>cpp;c;cc;cxx;def;odl;idl;hpj;bat;asm;asmx</Extensions>
    </Filter>
    <Filter Include="Header Files">
      <UniqueIdentifier>{93995380-89BD-4b04-88EB-625FBE52EBFB}</UniqueIdentifier>
      <Extensions>h;hpp;hxx;hm;inl;inc;xsd</Extensions>
    </Filter>
    <Filter Include="Resource Files">
      <UniqueIdentifier>{67DA6AB6-F800-4c08-8B7A-83BB121AAD01}</UniqueIdentifier>
      <Extensions>rc;ico;cur;bmp;dlg;rc2;rct;bin;rgs;gif;jpg;jpeg;jpe;resx;tiff;tif;png;wav;mfcribbon-ms</Extensions>
    </Filter>
  </ItemGroup>
  <ItemGroup>
    <Text Include="ReadMe.txt" />
  </ItemGroup>
  <ItemGroup>
    <ClInclude Include="..\..\ext-library\zzip-0.13.58\__debug.h">
      <Filter>Header Files</Filter>
    </ClInclude>
    <ClInclude Include="..\..\ext-library\zzip-0.13.58\__dirent.h">
      <Filter>Header Files</Filter>
    </ClInclude>
    <ClInclude Include="..\..\ext-library\zzip-0.13.58\__fnmatch.h">
      <Filter>Header Files</Filter>
    </ClInclude>
    <ClInclude Include="..\..\ext-library\zzip-0.13.58\__hints.h">
      <Filter>Header Files</Filter>
    </ClInclude>
    <ClInclude Include="..\..\ext-library\zzip-0.13.58\__mmap.h">
      <Filter>Header Files</Filter>
    </ClInclude>
    <ClInclude Include="..\..\ext-library\zzip-0.13.58\_config.h">
      <Filter>Header Files</Filter>
    </ClInclude>
    <ClInclude Include="..\..\ext-library\zzip-0.13.58\_msvc.h">
      <Filter>Header Files</Filter>
    </ClInclude>
    <ClInclude Include="..\..\ext-library\zzip-0.13.58\conf.h">
      <Filter>Header Files</Filter>
    </ClInclude>
    <ClInclude Include="..\..\ext-library\zzip-0.13.58\fetch.h">
      <Filter>Header Files</Filter>
    </ClInclude>
    <ClInclude Include="..\..\ext-library\zzip-0.13.58\file.h">
      <Filter>Header Files</Filter>
    </ClInclude>
    <ClInclude Include="..\..\ext-library\zzip-0.13.58\format.h">
      <Filter>Header Files</Filter>
    </ClInclude>
    <ClInclude Include="..\..\ext-library\zzip-0.13.58\fseeko.h">
      <Filter>Header Files</Filter>
    </ClInclude>
    <ClInclude Include="..\..\ext-library\zzip-0.13.58\info.h">
      <Filter>Header Files</Filter>
    </ClInclude>
    <ClInclude Include="..\..\ext-library\zzip-0.13.58\lib.h">
      <Filter>Header Files</Filter>
    </ClInclude>
    <ClInclude Include="..\..\ext-library\zzip-0.13.58\memdisk.h">
      <Filter>Header Files</Filter>
    </ClInclude>
    <ClInclude Include="..\..\ext-library\zzip-0.13.58\mmapped.h">
      <Filter>Header Files</Filter>
    </ClInclude>
    <ClInclude Include="..\..\ext-library\zzip-0.13.58\plugin.h">
      <Filter>Header Files</Filter>
    </ClInclude>
    <ClInclude Include="..\..\ext-library\zzip-0.13.58\stdint.h">
      <Filter>Header Files</Filter>
    </ClInclude>
    <ClInclude Include="..\..\ext-library\zzip-0.13.58\types.h">
      <Filter>Header Files</Filter>
    </ClInclude>
    <ClInclude Include="..\..\ext-library\zzip-0.13.58\write.h">
      <Filter>Header Files</Filter>
    </ClInclude>
    <ClInclude Include="..\..\ext-library\zzip-0.13.58\zzip.h">
      <Filter>Header Files</Filter>
    </ClInclude>
  </ItemGroup>
  <ItemGroup>
    <ClCompile Include="..\..\ext-library\zzip-0.13.58\dir.c">
      <Filter>Source Files</Filter>
    </ClCompile>
    <ClCompile Include="..\..\ext-library\zzip-0.13.58\err.c">
      <Filter>Source Files</Filter>
    </ClCompile>
    <ClCompile Include="..\..\ext-library\zzip-0.13.58\fetch.c">
      <Filter>Source Files</Filter>
    </ClCompile>
    <ClCompile Include="..\..\ext-library\zzip-0.13.58\file.c">
      <Filter>Source Files</Filter>
    </ClCompile>
    <ClCompile Include="..\..\ext-library\zzip-0.13.58\fseeko.c">
      <Filter>Source Files</Filter>
    </ClCompile>
    <ClCompile Include="..\..\ext-library\zzip-0.13.58\info.c">
      <Filter>Source Files</Filter>
    </ClCompile>
    <ClCompile Include="..\..\ext-library\zzip-0.13.58\memdisk.c">
      <Filter>Source Files</Filter>
    </ClCompile>
    <ClCompile Include="..\..\ext-library\zzip-0.13.58\mmapped.c">
      <Filter>Source Files</Filter>
    </ClCompile>
    <ClCompile Include="..\..\ext-library\zzip-0.13.58\plugin.c">
      <Filter>Source Files</Filter>
    </ClCompile>
    <ClCompile Include="..\..\ext-library\zzip-0.13.58\stat.c">
      <Filter>Source Files</Filter>
    </ClCompile>
    <ClCompile Include="..\..\ext-library\zzip-0.13.58\write.c">
      <Filter>Source Files</Filter>
    </ClCompile>
    <ClCompile Include="..\..\ext-library\zzip-0.13.58\zip.c">
      <Filter>Source Files</Filter>
    </ClCompile>
  </ItemGroup>
</Project>